lockfileVersion: 5.4

specifiers:
  '@tamagui/config': 1.132.23
  turbo: latest

dependencies:
  '@tamagui/config': 1.132.23

devDependencies:
  turbo: 2.5.6

packages:

  /@emotion/is-prop-valid/0.8.8:
    resolution: {integrity: sha512-u5WtneEAr5IDG2Wv65yhunPSMLIpuKsbuOktRojfrEiEvRyC85LgPMZI63cr7NUqT8ZIGdSVg8ZKGxIug4lXcA==}
    requiresBuild: true
    dependencies:
      '@emotion/memoize': 0.7.4
    dev: false
    optional: true

  /@emotion/memoize/0.7.4:
    resolution: {integrity: sha512-Ja/Vfqe3HpuzRsG1oBtWTHk2PGZ7GR+2Vz5iYGelAw8dx32K0y7PjVuxK6z1nMpZOqAFsRUPCkK1YjJ56qJlgw==}
    dev: false
    optional: true

  /@motionone/animation/10.18.0:
    resolution: {integrity: sha512-9z2p5GFGCm0gBsZbi8rVMOAJCtw1WqBTIPw3ozk06gDvZInBPIsQcHgYogEJ4yuHJ+akuW8g1SEIOpTOvYs8hw==}
    dependencies:
      '@motionone/easing': 10.18.0
      '@motionone/types': 10.17.1
      '@motionone/utils': 10.18.0
      tslib: 2.8.1
    dev: false

  /@motionone/dom/10.12.0:
    resolution: {integrity: sha512-UdPTtLMAktHiqV0atOczNYyDd/d8Cf5fFsd1tua03PqTwwCe/6lwhLSQ8a7TbnQ5SN0gm44N1slBfj+ORIhrqw==}
    dependencies:
      '@motionone/animation': 10.18.0
      '@motionone/generators': 10.18.0
      '@motionone/types': 10.17.1
      '@motionone/utils': 10.18.0
      hey-listen: 1.0.8
      tslib: 2.8.1
    dev: false

  /@motionone/easing/10.18.0:
    resolution: {integrity: sha512-VcjByo7XpdLS4o9T8t99JtgxkdMcNWD3yHU/n6CLEz3bkmKDRZyYQ/wmSf6daum8ZXqfUAgFeCZSpJZIMxaCzg==}
    dependencies:
      '@motionone/utils': 10.18.0
      tslib: 2.8.1
    dev: false

  /@motionone/generators/10.18.0:
    resolution: {integrity: sha512-+qfkC2DtkDj4tHPu+AFKVfR/C30O1vYdvsGYaR13W/1cczPrrcjdvYCj0VLFuRMN+lP1xvpNZHCRNM4fBzn1jg==}
    dependencies:
      '@motionone/types': 10.17.1
      '@motionone/utils': 10.18.0
      tslib: 2.8.1
    dev: false

  /@motionone/types/10.17.1:
    resolution: {integrity: sha512-KaC4kgiODDz8hswCrS0btrVrzyU2CSQKO7Ps90ibBVSQmjkrt2teqta6/sOG59v7+dPnKMAg13jyqtMKV2yJ7A==}
    dev: false

  /@motionone/utils/10.18.0:
    resolution: {integrity: sha512-3XVF7sgyTSI2KWvTf6uLlBJ5iAgRgmvp3bpuOiQJvInd4nZ19ET8lX5unn30SlmRH7hXbBbH+Gxd0m0klJ3Xtw==}
    dependencies:
      '@motionone/types': 10.17.1
      hey-listen: 1.0.8
      tslib: 2.8.1
    dev: false

  /@react-native/normalize-color/2.1.0:
    resolution: {integrity: sha512-Z1jQI2NpdFJCVgpY+8Dq/Bt3d+YUi1928Q+/CZm/oh66fzM0RUl54vvuXlPJKybH4pdCZey1eDTPaLHkMPNgWA==}
    dev: false

  /@tamagui/animations-css/1.132.23:
    resolution: {integrity: sha512-XGJJlXS3o9rOzmkRABmdkX4j/3USo53sR+5G5Au7oIvdzjYqHzWuLiBtBtTfiqcwzQ2YOyGreYa723SqdI+HOA==}
    peerDependencies:
      react: '*'
      react-dom: '*'
    dependencies:
      '@tamagui/constants': 1.132.23
      '@tamagui/cubic-bezier-animator': 1.132.23
      '@tamagui/use-presence': 1.132.23
      '@tamagui/web': 1.132.23
    transitivePeerDependencies:
      - react-native
    dev: false

  /@tamagui/animations-moti/1.132.23:
    resolution: {integrity: sha512-sasTjFJiJV7vOQAjBjBUmpks7CT4P3GYuQhfSiq3CxXxNyUdlcMRxeLli3EKXqogfYXe5+kVq18wL1QwIfftsQ==}
    peerDependencies:
      react: '*'
      react-native: ^0.79.2
    dependencies:
      '@tamagui/core': 1.132.23
      '@tamagui/use-presence': 1.132.23
      moti: 0.30.0
    transitivePeerDependencies:
      - react-dom
      - react-native-reanimated
    dev: false

  /@tamagui/animations-react-native/1.132.23:
    resolution: {integrity: sha512-QrYrqLhxrxQ3x2N0AfoOAof/9QQNKb4PA3dForlmH8A2wPsqTPgqTqmshnTaks/GcHAQrZtbWgECOjKB4oe0MA==}
    peerDependencies:
      react: '*'
      react-native: '*'
    dependencies:
      '@tamagui/constants': 1.132.23
      '@tamagui/use-presence': 1.132.23
      '@tamagui/web': 1.132.23
    transitivePeerDependencies:
      - react-dom
    dev: false

  /@tamagui/colors/1.132.23:
    resolution: {integrity: sha512-+bPIKryVj+Knl/hrnwu1oRp+doapdbNwpA2RvPEVVLYQv8r5INkpZ38ccf/YW9YfGp56XjhYNzkEdze3xVvkUA==}
    dev: false

  /@tamagui/compose-refs/1.132.23:
    resolution: {integrity: sha512-HWlfD1ForlkOrGJg2TpR3SbGZ4uDIIy+SkCLtw5WhaV64wKrbEJQ2VkzuUnEFrrz6AAvBHkC1GrdtV4e+nMfug==}
    peerDependencies:
      react: '*'
    dev: false

  /@tamagui/config/1.132.23:
    resolution: {integrity: sha512-lD8yUXYl49++9AeWVkKKQYkd5l43pmNNb3zW5P8UC3dJTo7BNk+6iubNI578IYj06ikDiyfZKTp39iX108WZiA==}
    dependencies:
      '@tamagui/animations-css': 1.132.23
      '@tamagui/animations-moti': 1.132.23
      '@tamagui/animations-react-native': 1.132.23
      '@tamagui/colors': 1.132.23
      '@tamagui/core': 1.132.23
      '@tamagui/font-inter': 1.132.23
      '@tamagui/font-silkscreen': 1.132.23
      '@tamagui/react-native-media-driver': 1.132.23
      '@tamagui/shorthands': 1.132.23
      '@tamagui/theme-builder': 1.132.23
      '@tamagui/themes': 1.132.23
      '@tamagui/web': 1.132.23
    transitivePeerDependencies:
      - react
      - react-dom
      - react-native
      - react-native-reanimated
    dev: false

  /@tamagui/constants/1.132.23:
    resolution: {integrity: sha512-aX2QrU+baL6D4H1BniGhcQv3pfsilf+Wi2g042e93y4FUv27LRnlxPY9H7gacbCHRbE9Iq1ybiYIVxab/Wudwg==}
    peerDependencies:
      react: '*'
      react-native: ^0.79.2
    dev: false

  /@tamagui/core/1.132.23:
    resolution: {integrity: sha512-XLu9dbPs2YC9JlRlSDPLLjHww6sfj6SlPBYShWxlakqZTQVNLidCW29ua+44qQamnL8EXEznqYi7nvINvOmSSg==}
    peerDependencies:
      react: '*'
      react-native: '*'
    dependencies:
      '@tamagui/helpers': 1.132.23
      '@tamagui/react-native-media-driver': 1.132.23
      '@tamagui/react-native-use-pressable': 1.132.23
      '@tamagui/react-native-use-responder-events': 1.132.23
      '@tamagui/use-element-layout': 1.132.23
      '@tamagui/use-event': 1.132.23
      '@tamagui/web': 1.132.23
    transitivePeerDependencies:
      - react-dom
    dev: false

  /@tamagui/create-theme/1.132.23:
    resolution: {integrity: sha512-cFVlSz/RSZ8CTTedswD1uA7/RmXmLD48KeqrpdICaNTSi7zXy6UmRTV0Awl64oGO+qZ98/vOUbuUhxJrYydRTg==}
    dependencies:
      '@tamagui/web': 1.132.23
    transitivePeerDependencies:
      - react
      - react-dom
      - react-native
    dev: false

  /@tamagui/cubic-bezier-animator/1.132.23:
    resolution: {integrity: sha512-TN62yz8/3glpaiBwtcE6Nap2dQKd+pMF8GrQfaqh4mBKfqB/w/+inMmXmnEvtZbY/QFa/+VsQYnEUL/CUIeblA==}
    dev: false

  /@tamagui/font-inter/1.132.23:
    resolution: {integrity: sha512-Yye8mu/s17ebMaV56WOJAWfdrjoPyayOIMpTMkiWc9DeFAxSZ1DBKdXTR/BJHMaS3O8FXXEAhwao52nnj2nDTg==}
    dependencies:
      '@tamagui/core': 1.132.23
    transitivePeerDependencies:
      - react
      - react-dom
      - react-native
    dev: false

  /@tamagui/font-silkscreen/1.132.23:
    resolution: {integrity: sha512-N96OdpmY6I2vq+ZWUNOxESHiDfpojVi2yREBBL/7eHn+upz2XO3xd4pe65d7q3+qVnytTriuMEPMESkZPYyPWg==}
    dependencies:
      '@tamagui/core': 1.132.23
    transitivePeerDependencies:
      - react
      - react-dom
      - react-native
    dev: false

  /@tamagui/helpers/1.132.23:
    resolution: {integrity: sha512-neS+XjcqNHIVsKxuQRu4MzpX2VbXmMIxtf9yblZWi4Y53LeEKGdz6kFMIjvrBO0+EKrqBeUQN8F2d5Vqc2q5TQ==}
    peerDependencies:
      react: '*'
    dependencies:
      '@tamagui/constants': 1.132.23
      '@tamagui/simple-hash': 1.132.23
    transitivePeerDependencies:
      - react-native
    dev: false

  /@tamagui/is-equal-shallow/1.132.23:
    resolution: {integrity: sha512-EtAAYTAO4haS/FcIb8JCI5H7axscO1WK8m14T7bwyy7BKbHxqD8WfhKcPGH1IbTpoUf6b+vUYN+N68tDk0ZQ4g==}
    peerDependencies:
      react: '*'
    dev: false

  /@tamagui/normalize-css-color/1.132.23:
    resolution: {integrity: sha512-hT9NgeqOcWdh6C6N0aC1uhztS21KJJ40SK2mY0KmtPQOmyK/OIsYqw295YgffKcflcffaMcVMRkmNzJCnOZOsg==}
    dependencies:
      '@react-native/normalize-color': 2.1.0
    dev: false

  /@tamagui/react-native-media-driver/1.132.23:
    resolution: {integrity: sha512-7jjsQ8+OaN4ULcsTzeNKlmwn6AWmw6wYmrO53LhjHxtAG0lN2ZLjVx4jNQeZsHFQ1bzbrCdwMxyPbTC7lHbocA==}
    peerDependencies:
      react-native: '*'
    dependencies:
      '@tamagui/web': 1.132.23
    transitivePeerDependencies:
      - react
      - react-dom
    dev: false

  /@tamagui/react-native-use-pressable/1.132.23:
    resolution: {integrity: sha512-lf0zTv1MYLLcsvUChSEtZrJX2EMck/XnZl15qiQMI8IAc/erSGXqyvjJDLhMyKpTywmfbD3+F6ake8aIsQ2/dA==}
    peerDependencies:
      react: '*'
    dev: false

  /@tamagui/react-native-use-responder-events/1.132.23:
    resolution: {integrity: sha512-x9QcwtyewjXNN/6Z5qUoFPTGTplHWKxTH5oXOfDy/dkOjqXPnSvYuF+d19s79m54HqwRx3mAQ3WFyOA2nBUGUQ==}
    peerDependencies:
      react: '*'
    dev: false

  /@tamagui/shorthands/1.132.23:
    resolution: {integrity: sha512-HL2d3v0J2NhEEbjYuuoiOcnrBJtIraMeVXCSSljmpgRsV/luoFHE/aZM0+Ny4x/UkmmBt3lbMXzR9O7R5vvQzA==}
    dependencies:
      '@tamagui/web': 1.132.23
    transitivePeerDependencies:
      - react
      - react-dom
      - react-native
    dev: false

  /@tamagui/simple-hash/1.132.23:
    resolution: {integrity: sha512-/AjQt2SDCV36LLBYfp6FugKFciNHKcH13oz5li5tvVYXRsNzYmUkg19GKunP+DPGAId9uNj1VdpdYj4+ncYYIg==}
    dev: false

  /@tamagui/theme-builder/1.132.23:
    resolution: {integrity: sha512-ILfwN2Y1Sfm47/iXcRlVXtz/LR8/1dQftYMQhFcGo0gyQfqGHLdSSKtWSjVmmlimPjCDcw/OuOX2zLqxI+i7KQ==}
    dependencies:
      '@tamagui/create-theme': 1.132.23
      '@tamagui/web': 1.132.23
      color2k: 2.0.3
    transitivePeerDependencies:
      - react
      - react-dom
      - react-native
    dev: false

  /@tamagui/themes/1.132.23:
    resolution: {integrity: sha512-0DaQ+88BI0r6PoNrs3R32nez8eyKvDJQbwK10WXwvatQDIWcvlue0YUrJTX9cf8YpHw2RtuKTA2bJr9on7lYlA==}
    dependencies:
      '@tamagui/colors': 1.132.23
      '@tamagui/create-theme': 1.132.23
      '@tamagui/theme-builder': 1.132.23
      '@tamagui/web': 1.132.23
      color2k: 2.0.3
    transitivePeerDependencies:
      - react
      - react-dom
      - react-native
    dev: false

  /@tamagui/timer/1.132.23:
    resolution: {integrity: sha512-mr0hPeye5k7pYfb9S9Lw0dhlf3v1Z0uiavh9u+VdCjLUdw36jnrmK1ZOxFh7VourDpS/FM3HpZFLQKpy2IOwpg==}
    dev: false

  /@tamagui/types/1.132.23:
    resolution: {integrity: sha512-b6Pn1VnaQbJG9v6C5RYkeNK6LyfEC23eLsXQnFWiBv0dpCX/Ld+dZDJjxiZGgcDmTLxxW/O/D8qzpACw7NgEPw==}
    dev: false

  /@tamagui/use-did-finish-ssr/1.132.23:
    resolution: {integrity: sha512-rnt2pY/0ltILIP02XvQnGsJ5b4VJhObl9UvTgHuHRRl+As7He/K2NGjEk7qyEHx7EU5DqaXGTezX6m5rMkWsbQ==}
    peerDependencies:
      react: '*'
    dev: false

  /@tamagui/use-element-layout/1.132.23:
    resolution: {integrity: sha512-WM0RSmATvixNzfYvF6jlTtQaw7Bupje4caO8CC1bccmHUpy2x7KAd5o2eYdxM52TLWabrI3kJQD788nuhUB8oA==}
    peerDependencies:
      react: '*'
    dependencies:
      '@tamagui/constants': 1.132.23
      '@tamagui/is-equal-shallow': 1.132.23
    transitivePeerDependencies:
      - react-native
    dev: false

  /@tamagui/use-event/1.132.23:
    resolution: {integrity: sha512-6hlM+TOOtbRL0j5yiKcfRHZ3bXifTN4pW8afygOdDvRnzJTVFqVHXriC0qzh0sIbyFkGYo7ibqJrixa8HbBeXw==}
    peerDependencies:
      react: '*'
    dependencies:
      '@tamagui/constants': 1.132.23
    transitivePeerDependencies:
      - react-native
    dev: false

  /@tamagui/use-force-update/1.132.23:
    resolution: {integrity: sha512-8G+LEu8RTfr7Cyk0IAOYs+seobPcH1wnq/WDZ87CIWyA6wdX1yuSo0tzbdtEkSOkxDIadE0w2nZYVTWR4MmdWA==}
    peerDependencies:
      react: '*'
    dev: false

  /@tamagui/use-presence/1.132.23:
    resolution: {integrity: sha512-Ekh5PJx2O+DPCN1babWrksd+W1Ls8o/exyp0Fo8+Z+uJrpK4lmUSnwG4qbgaDxJW2vda8td3VLUnS6HaH/s6wA==}
    peerDependencies:
      react: '*'
    dependencies:
      '@tamagui/web': 1.132.23
    transitivePeerDependencies:
      - react-dom
      - react-native
    dev: false

  /@tamagui/web/1.132.23:
    resolution: {integrity: sha512-122dOzCGJWzy5tPd45wT4SSMAo3s97i8WDzsOaHYpQJe8dhs0i/VdeJb6pd4LBkbMLCaB2vp8dmki4Ao6RJYjg==}
    peerDependencies:
      react: '*'
      react-dom: '*'
      react-native: '*'
    dependencies:
      '@tamagui/compose-refs': 1.132.23
      '@tamagui/constants': 1.132.23
      '@tamagui/helpers': 1.132.23
      '@tamagui/is-equal-shallow': 1.132.23
      '@tamagui/normalize-css-color': 1.132.23
      '@tamagui/timer': 1.132.23
      '@tamagui/types': 1.132.23
      '@tamagui/use-did-finish-ssr': 1.132.23
      '@tamagui/use-event': 1.132.23
      '@tamagui/use-force-update': 1.132.23
    dev: false

  /color2k/2.0.3:
    resolution: {integrity: sha512-zW190nQTIoXcGCaU08DvVNFTmQhUpnJfVuAKfWqUQkflXKpaDdpaYoM0iluLS9lgJNHyBF58KKA2FBEwkD7wog==}
    dev: false

  /framer-motion/6.5.1:
    resolution: {integrity: sha512-o1BGqqposwi7cgDrtg0dNONhkmPsUFDaLcKXigzuTFC5x58mE8iyTazxSudFzmT6MEyJKfjjU8ItoMe3W+3fiw==}
    peerDependencies:
      react: '>=16.8 || ^17.0.0 || ^18.0.0'
      react-dom: '>=16.8 || ^17.0.0 || ^18.0.0'
    dependencies:
      '@motionone/dom': 10.12.0
      framesync: 6.0.1
      hey-listen: 1.0.8
      popmotion: 11.0.3
      style-value-types: 5.0.0
      tslib: 2.8.1
    optionalDependencies:
      '@emotion/is-prop-valid': 0.8.8
    dev: false

  /framesync/6.0.1:
    resolution: {integrity: sha512-fUY88kXvGiIItgNC7wcTOl0SNRCVXMKSWW2Yzfmn7EKNc+MpCzcz9DhdHcdjbrtN3c6R4H5dTY2jiCpPdysEjA==}
    dependencies:
      tslib: 2.8.1
    dev: false

  /hey-listen/1.0.8:
    resolution: {integrity: sha512-COpmrF2NOg4TBWUJ5UVyaCU2A88wEMkUPK4hNqyCkqHbxT92BbvfjoSozkAIIm6XhicGlJHhFdullInrdhwU8Q==}
    dev: false

  /moti/0.30.0:
    resolution: {integrity: sha512-YN78mcefo8kvJaL+TZNyusq6YA2aMFvBPl8WiLPy4eb4wqgOFggJOjP9bUr2YO8PrAt0uusmRG8K4RPL4OhCsA==}
    peerDependencies:
      react-native-reanimated: '*'
    dependencies:
      framer-motion: 6.5.1
    transitivePeerDependencies:
      - react
      - react-dom
    dev: false

  /popmotion/11.0.3:
    resolution: {integrity: sha512-Y55FLdj3UxkR7Vl3s7Qr4e9m0onSnP8W7d/xQLsoJM40vs6UKHFdygs6SWryasTZYqugMjm3BepCF4CWXDiHgA==}
    dependencies:
      framesync: 6.0.1
      hey-listen: 1.0.8
      style-value-types: 5.0.0
      tslib: 2.8.1
    dev: false

  /style-value-types/5.0.0:
    resolution: {integrity: sha512-08yq36Ikn4kx4YU6RD7jWEv27v4V+PUsOGa4n/as8Et3CuODMJQ00ENeAVXAeydX4Z2j1XHZF1K2sX4mGl18fA==}
    dependencies:
      hey-listen: 1.0.8
      tslib: 2.8.1
    dev: false

  /tslib/2.8.1:
    resolution: {integrity: sha512-oJFu94HQb+KVduSUQL7wnpmqnfmLsOA/nAh6b6EH0wCEoK0/mPeXU6c3wKDV83MkOuHPRHtSXKKU99IBazS/2w==}
    dev: false

  /turbo-darwin-64/2.5.6:
    resolution: {integrity: sha512-3C1xEdo4aFwMJAPvtlPqz1Sw/+cddWIOmsalHFMrsqqydcptwBfu26WW2cDm3u93bUzMbBJ8k3zNKFqxJ9ei2A==}
    cpu: [x64]
    os: [darwin]
    requiresBuild: true
    dev: true
    optional: true

  /turbo-darwin-arm64/2.5.6:
    resolution: {integrity: sha512-LyiG+rD7JhMfYwLqB6k3LZQtYn8CQQUePbpA8mF/hMLPAekXdJo1g0bUPw8RZLwQXUIU/3BU7tXENvhSGz5DPA==}
    cpu: [arm64]
    os: [darwin]
    requiresBuild: true
    dev: true
    optional: true

  /turbo-linux-64/2.5.6:
    resolution: {integrity: sha512-GOcUTT0xiT/pSnHL4YD6Yr3HreUhU8pUcGqcI2ksIF9b2/r/kRHwGFcsHgpG3+vtZF/kwsP0MV8FTlTObxsYIA==}
    cpu: [x64]
    os: [linux]
    requiresBuild: true
    dev: true
    optional: true

  /turbo-linux-arm64/2.5.6:
    resolution: {integrity: sha512-10Tm15bruJEA3m0V7iZcnQBpObGBcOgUcO+sY7/2vk1bweW34LMhkWi8svjV9iDF68+KJDThnYDlYE/bc7/zzQ==}
    cpu: [arm64]
    os: [linux]
    requiresBuild: true
    dev: true
    optional: true

  /turbo-windows-64/2.5.6:
    resolution: {integrity: sha512-FyRsVpgaj76It0ludwZsNN40ytHN+17E4PFJyeliBEbxrGTc5BexlXVpufB7XlAaoaZVxbS6KT8RofLfDRyEPg==}
    cpu: [x64]
    os: [win32]
    requiresBuild: true
    dev: true
    optional: true

  /turbo-windows-arm64/2.5.6:
    resolution: {integrity: sha512-j/tWu8cMeQ7HPpKri6jvKtyXg9K1gRyhdK4tKrrchH8GNHscPX/F71zax58yYtLRWTiK04zNzPcUJuoS0+v/+Q==}
    cpu: [arm64]
    os: [win32]
    requiresBuild: true
    dev: true
    optional: true

  /turbo/2.5.6:
    resolution: {integrity: sha512-gxToHmi9oTBNB05UjUsrWf0OyN5ZXtD0apOarC1KIx232Vp3WimRNy3810QzeNSgyD5rsaIDXlxlbnOzlouo+w==}
    hasBin: true
    optionalDependencies:
      turbo-darwin-64: 2.5.6
      turbo-darwin-arm64: 2.5.6
      turbo-linux-64: 2.5.6
      turbo-linux-arm64: 2.5.6
      turbo-windows-64: 2.5.6
      turbo-windows-arm64: 2.5.6
    dev: true
